
Microsoft Visual Studio Solution File, Format Version 12.00
# Visual Studio Version 17
VisualStudioVersion = 17.4.33213.308
MinimumVisualStudioVersion = 10.0.40219.1
Project("{9A19103F-16F7-4668-BE54-9A1E7A4F7556}") = "JsonDb", "JsonDb\JsonDb.csproj", "{4C9CBEFF-57F6-4479-BEB0-B17386A2E1B2}"
EndProject
Project("{FAE04EC0-301F-11D3-BF4B-00C04F79EFBC}") = "JsonDb.Example", "JsonDb.Example\JsonDb.Example.csproj", "{B9D803CB-C0D9-46EC-BB73-2481E0106F2E}"
EndProject
Global
	GlobalSection(SolutionConfigurationPlatforms) = preSolution
		Debug|Any CPU = Debug|Any CPU
		Release|Any CPU = Release|Any CPU
	EndGlobalSection
	GlobalSection(ProjectConfigurationPlatforms) = postSolution
		{4C9CBEFF-57F6-4479-BEB0-B17386A2E1B2}.Debug|Any CPU.ActiveCfg = Debug|Any CPU
		{4C9CBEFF-57F6-4479-BEB0-B17386A2E1B2}.Debug|Any CPU.Build.0 = Debug|Any CPU
		{4C9CBEFF-57F6-4479-BEB0-B17386A2E1B2}.Release|Any CPU.ActiveCfg = Release|Any CPU
		{4C9CBEFF-57F6-4479-BEB0-B17386A2E1B2}.Release|Any CPU.Build.0 = Release|Any CPU
		{B9D803CB-C0D9-46EC-BB73-2481E0106F2E}.Debug|Any CPU.ActiveCfg = Debug|Any CPU
		{B9D803CB-C0D9-46EC-BB73-2481E0106F2E}.Debug|Any CPU.Build.0 = Debug|Any CPU
		{B9D803CB-C0D9-46EC-BB73-2481E0106F2E}.Release|Any CPU.ActiveCfg = Release|Any CPU
		{B9D803CB-C0D9-46EC-BB73-2481E0106F2E}.Release|Any CPU.Build.0 = Release|Any CPU
	EndGlobalSection
	GlobalSection(SolutionProperties) = preSolution
		HideSolutionNode = FALSE
	EndGlobalSection
	GlobalSection(ExtensibilityGlobals) = postSolution
		SolutionGuid = {8BC177BA-E4FA-4194-9465-82CC97374B2C}
	EndGlobalSection
EndGlobal
